
Microsoft Visual Studio Solution File, Format Version 12.00
# Visual Studio 15
VisualStudioVersion = 15.0.27130.2024
MinimumVisualStudioVersion = 10.0.40219.1
Project("{FAE04EC0-301F-11D3-BF4B-00C04F79EFBC}") = "Pooler.API", "Pooler.API\Pooler.API.csproj", "{75A3745B-E10E-46B4-92F6-E47AEF4CB62B}"
EndProject
Project("{FAE04EC0-301F-11D3-BF4B-00C04F79EFBC}") = "AppCommon", "AppCommon\AppCommon.csproj", "{6C167B29-4565-4166-AC34-603EE02DD640}"
EndProject
Project("{FAE04EC0-301F-11D3-BF4B-00C04F79EFBC}") = "Pooler.SVC", "Pooler.SVC\Pooler.SVC.csproj", "{231D5381-93C9-432D-82D1-62F56F0F5B9C}"
EndProject
Project("{2150E333-8FDC-42A3-9474-1A3956D46DE8}") = "Pooler", "Pooler", "{2CE88BC6-04C9-46EC-9053-AF9BE22C658A}"
EndProject
Project("{FAE04EC0-301F-11D3-BF4B-00C04F79EFBC}") = "PoolerTestConsole", "PoolerTestConsole\PoolerTestConsole.csproj", "{C6089E6E-361A-401C-8D26-E8739FB12AA7}"
EndProject
Project("{2150E333-8FDC-42A3-9474-1A3956D46DE8}") = "WebApp", "WebApp", "{2A798C4F-E73B-4BB8-B478-54F38DB608F6}"
EndProject
Project("{FAE04EC0-301F-11D3-BF4B-00C04F79EFBC}") = "WebApp.DAL", "WebApp.DAL\WebApp.DAL.csproj", "{C682665D-CCC2-4229-BC22-6707A75DDEB4}"
EndProject
Project("{FAE04EC0-301F-11D3-BF4B-00C04F79EFBC}") = "AdminWebApp", "AdminWebApp\AdminWebApp.csproj", "{2E46D3E7-13C8-45F1-85BD-3007ED711CC6}"
EndProject
Global
	GlobalSection(SolutionConfigurationPlatforms) = preSolution
		Debug|Any CPU = Debug|Any CPU
		Release|Any CPU = Release|Any CPU
	EndGlobalSection
	GlobalSection(ProjectConfigurationPlatforms) = postSolution
		{75A3745B-E10E-46B4-92F6-E47AEF4CB62B}.Debug|Any CPU.ActiveCfg = Debug|Any CPU
		{75A3745B-E10E-46B4-92F6-E47AEF4CB62B}.Debug|Any CPU.Build.0 = Debug|Any CPU
		{75A3745B-E10E-46B4-92F6-E47AEF4CB62B}.Release|Any CPU.ActiveCfg = Release|Any CPU
		{75A3745B-E10E-46B4-92F6-E47AEF4CB62B}.Release|Any CPU.Build.0 = Release|Any CPU
		{6C167B29-4565-4166-AC34-603EE02DD640}.Debug|Any CPU.ActiveCfg = Debug|Any CPU
		{6C167B29-4565-4166-AC34-603EE02DD640}.Debug|Any CPU.Build.0 = Debug|Any CPU
		{6C167B29-4565-4166-AC34-603EE02DD640}.Release|Any CPU.ActiveCfg = Release|Any CPU
		{6C167B29-4565-4166-AC34-603EE02DD640}.Release|Any CPU.Build.0 = Release|Any CPU
		{231D5381-93C9-432D-82D1-62F56F0F5B9C}.Debug|Any CPU.ActiveCfg = Debug|Any CPU
		{231D5381-93C9-432D-82D1-62F56F0F5B9C}.Debug|Any CPU.Build.0 = Debug|Any CPU
		{231D5381-93C9-432D-82D1-62F56F0F5B9C}.Release|Any CPU.ActiveCfg = Release|Any CPU
		{231D5381-93C9-432D-82D1-62F56F0F5B9C}.Release|Any CPU.Build.0 = Release|Any CPU
		{C6089E6E-361A-401C-8D26-E8739FB12AA7}.Debug|Any CPU.ActiveCfg = Debug|Any CPU
		{C6089E6E-361A-401C-8D26-E8739FB12AA7}.Debug|Any CPU.Build.0 = Debug|Any CPU
		{C6089E6E-361A-401C-8D26-E8739FB12AA7}.Release|Any CPU.ActiveCfg = Release|Any CPU
		{C6089E6E-361A-401C-8D26-E8739FB12AA7}.Release|Any CPU.Build.0 = Release|Any CPU
		{C682665D-CCC2-4229-BC22-6707A75DDEB4}.Debug|Any CPU.ActiveCfg = Debug|Any CPU
		{C682665D-CCC2-4229-BC22-6707A75DDEB4}.Debug|Any CPU.Build.0 = Debug|Any CPU
		{C682665D-CCC2-4229-BC22-6707A75DDEB4}.Release|Any CPU.ActiveCfg = Release|Any CPU
		{C682665D-CCC2-4229-BC22-6707A75DDEB4}.Release|Any CPU.Build.0 = Release|Any CPU
		{2E46D3E7-13C8-45F1-85BD-3007ED711CC6}.Debug|Any CPU.ActiveCfg = Debug|Any CPU
		{2E46D3E7-13C8-45F1-85BD-3007ED711CC6}.Debug|Any CPU.Build.0 = Debug|Any CPU
		{2E46D3E7-13C8-45F1-85BD-3007ED711CC6}.Release|Any CPU.ActiveCfg = Release|Any CPU
		{2E46D3E7-13C8-45F1-85BD-3007ED711CC6}.Release|Any CPU.Build.0 = Release|Any CPU
	EndGlobalSection
	GlobalSection(SolutionProperties) = preSolution
		HideSolutionNode = FALSE
	EndGlobalSection
	GlobalSection(NestedProjects) = preSolution
		{75A3745B-E10E-46B4-92F6-E47AEF4CB62B} = {2CE88BC6-04C9-46EC-9053-AF9BE22C658A}
		{231D5381-93C9-432D-82D1-62F56F0F5B9C} = {2CE88BC6-04C9-46EC-9053-AF9BE22C658A}
		{C6089E6E-361A-401C-8D26-E8739FB12AA7} = {2CE88BC6-04C9-46EC-9053-AF9BE22C658A}
		{C682665D-CCC2-4229-BC22-6707A75DDEB4} = {2A798C4F-E73B-4BB8-B478-54F38DB608F6}
		{2E46D3E7-13C8-45F1-85BD-3007ED711CC6} = {2A798C4F-E73B-4BB8-B478-54F38DB608F6}
	EndGlobalSection
	GlobalSection(ExtensibilityGlobals) = postSolution
		SolutionGuid = {94ED6D72-A0FD-4B30-A682-32189AE1B6FD}
	EndGlobalSection
EndGlobal
